
Microsoft Visual Studio Solution File, Format Version 12.00
# Visual Studio Version 17
VisualStudioVersion = 17.8.34309.116
MinimumVisualStudioVersion = 10.0.40219.1
Project("{FAE04EC0-301F-11D3-BF4B-00C04F79EFBC}") = "ShopingCart", "ShopingCart\ShopingCart.csproj", "{9CCD51EF-076F-4E50-A281-F2B0B41FA99F}"
EndProject
Project("{E53339B2-1760-4266-BCC7-CA923CBCF16C}") = "docker-compose", "docker-compose.dcproj", "{95C977AF-09B6-493B-BBC7-1A72816ED6EC}"
EndProject
Project("{FAE04EC0-301F-11D3-BF4B-00C04F79EFBC}") = "ShopingCartTests", "ShopingCartTests\ShopingCartTests.csproj", "{1013A32D-3FF6-49B4-B44D-52E96CC688F7}"
EndProject
Global
	GlobalSection(SolutionConfigurationPlatforms) = preSolution
		Debug|Any CPU = Debug|Any CPU
		Release|Any CPU = Release|Any CPU
	EndGlobalSection
	GlobalSection(ProjectConfigurationPlatforms) = postSolution
		{9CCD51EF-076F-4E50-A281-F2B0B41FA99F}.Debug|Any CPU.ActiveCfg = Debug|Any CPU
		{9CCD51EF-076F-4E50-A281-F2B0B41FA99F}.Debug|Any CPU.Build.0 = Debug|Any CPU
		{9CCD51EF-076F-4E50-A281-F2B0B41FA99F}.Release|Any CPU.ActiveCfg = Release|Any CPU
		{9CCD51EF-076F-4E50-A281-F2B0B41FA99F}.Release|Any CPU.Build.0 = Release|Any CPU
		{95C977AF-09B6-493B-BBC7-1A72816ED6EC}.Debug|Any CPU.ActiveCfg = Debug|Any CPU
		{95C977AF-09B6-493B-BBC7-1A72816ED6EC}.Debug|Any CPU.Build.0 = Debug|Any CPU
		{95C977AF-09B6-493B-BBC7-1A72816ED6EC}.Release|Any CPU.ActiveCfg = Release|Any CPU
		{95C977AF-09B6-493B-BBC7-1A72816ED6EC}.Release|Any CPU.Build.0 = Release|Any CPU
		{1013A32D-3FF6-49B4-B44D-52E96CC688F7}.Debug|Any CPU.ActiveCfg = Debug|Any CPU
		{1013A32D-3FF6-49B4-B44D-52E96CC688F7}.Debug|Any CPU.Build.0 = Debug|Any CPU
		{1013A32D-3FF6-49B4-B44D-52E96CC688F7}.Release|Any CPU.ActiveCfg = Release|Any CPU
		{1013A32D-3FF6-49B4-B44D-52E96CC688F7}.Release|Any CPU.Build.0 = Release|Any CPU
	EndGlobalSection
	GlobalSection(SolutionProperties) = preSolution
		HideSolutionNode = FALSE
	EndGlobalSection
	GlobalSection(ExtensibilityGlobals) = postSolution
		SolutionGuid = {13C57A1B-B8BD-4355-865F-3A254E95AE20}
	EndGlobalSection
EndGlobal
